{
  "name": "webmention-rss-discovery-sender",
  "version": "0.0.1",
  "lockfileVersion": 2,
  "requires": true,
  "packages": {
    "": {
      "name": "webmention-rss-discovery-sender",
      "version": "0.0.1",
      "license": "MIT",
      "dependencies": {
        "fast-xml-parser": "^4.0.7",
        "typescript": "^4.6.4"
      },
      "devDependencies": {
        "@types/node": "^17.0.31"
      }
    },
    "node_modules/@types/node": {
      "version": "17.0.31",
      "resolved": "https://registry.npmjs.org/@types/node/-/node-17.0.31.tgz",
      "integrity": "sha512-AR0x5HbXGqkEx9CadRH3EBYx/VkiUgZIhP4wvPn/+5KIsgpNoyFaRlVe0Zlx9gRtg8fA06a9tskE2MSN7TcG4Q==",
      "dev": true
    },
    "node_modules/fast-xml-parser": {
      "version": "4.0.7",
      "resolved": "https://registry.npmjs.org/fast-xml-parser/-/fast-xml-parser-4.0.7.tgz",
      "integrity": "sha512-dMtibyus3kC7nbxj1CpVtysLzO13UOAZEFAb5vpQg3T4O6qvetmSePpXKFx5KPNCHKoGwjtgjfF5DOyn7s1ylQ==",
      "dependencies": {
        "strnum": "^1.0.5"
      },
      "bin": {
        "fxparser": "src/cli/cli.js"
      },
      "funding": {
        "type": "paypal",
        "url": "https://paypal.me/naturalintelligence"
      }
    },
    "node_modules/strnum": {
      "version": "1.0.5",
      "resolved": "https://registry.npmjs.org/strnum/-/strnum-1.0.5.tgz",
      "integrity": "sha512-J8bbNyKKXl5qYcR36TIO8W3mVGVHrmmxsd5PAItGkmyzwJvybiw2IVq5nqd0i4LSNSkB/sx9VHllbfFdr9k1JA=="
    },
    "node_modules/typescript": {
      "version": "4.6.4",
      "resolved": "https://registry.npmjs.org/typescript/-/typescript-4.6.4.tgz",
      "integrity": "sha512-9ia/jWHIEbo49HfjrLGfKbZSuWo9iTMwXO+Ca3pRsSpbsMbc7/IU8NKdCZVRRBafVPGnoJeFL76ZOAA84I9fEg==",
      "bin": {
        "tsc": "bin/tsc",
        "tsserver": "bin/tsserver"
      },
      "engines": {
        "node": ">=4.2.0"
      }
    }
  },
  "dependencies": {
    "@types/node": {
      "version": "17.0.31",
      "resolved": "https://registry.npmjs.org/@types/node/-/node-17.0.31.tgz",
      "integrity": "sha512-AR0x5HbXGqkEx9CadRH3EBYx/VkiUgZIhP4wvPn/+5KIsgpNoyFaRlVe0Zlx9gRtg8fA06a9tskE2MSN7TcG4Q==",
      "dev": true
    },
    "fast-xml-parser": {
      "version": "4.0.7",
      "resolved": "https://registry.npmjs.org/fast-xml-parser/-/fast-xml-parser-4.0.7.tgz",
      "integrity": "sha512-dMtibyus3kC7nbxj1CpVtysLzO13UOAZEFAb5vpQg3T4O6qvetmSePpXKFx5KPNCHKoGwjtgjfF5DOyn7s1ylQ==",
      "requires": {
        "strnum": "^1.0.5"
      }
    },
    "strnum": {
      "version": "1.0.5",
      "resolved": "https://registry.npmjs.org/strnum/-/strnum-1.0.5.tgz",
      "integrity": "sha512-J8bbNyKKXl5qYcR36TIO8W3mVGVHrmmxsd5PAItGkmyzwJvybiw2IVq5nqd0i4LSNSkB/sx9VHllbfFdr9k1JA=="
    },
    "typescript": {
      "version": "4.6.4",
      "resolved": "https://registry.npmjs.org/typescript/-/typescript-4.6.4.tgz",
      "integrity": "sha512-9ia/jWHIEbo49HfjrLGfKbZSuWo9iTMwXO+Ca3pRsSpbsMbc7/IU8NKdCZVRRBafVPGnoJeFL76ZOAA84I9fEg=="
    }
  }
}
